
Microsoft Visual Studio Solution File, Format Version 12.00
# Visual Studio 15
VisualStudioVersion = 15.0.26403.7
MinimumVisualStudioVersion = 10.0.40219.1
Project("{FAE04EC0-301F-11D3-BF4B-00C04F79EFBC}") = "PatientData", "PatientData\PatientData.csproj", "{FAE4C12A-980E-4405-A3BF-D83662B3B885}"
EndProject
Project("{FAE04EC0-301F-11D3-BF4B-00C04F79EFBC}") = "CorsClient", "CorsClient\CorsClient.csproj", "{4A4904C0-2703-45C1-AC7D-28779D1DBF69}"
EndProject
Global
	GlobalSection(SolutionConfigurationPlatforms) = preSolution
		Debug|Any CPU = Debug|Any CPU
		Release|Any CPU = Release|Any CPU
	EndGlobalSection
	GlobalSection(ProjectConfigurationPlatforms) = postSolution
		{FAE4C12A-980E-4405-A3BF-D83662B3B885}.Debug|Any CPU.ActiveCfg = Debug|Any CPU
		{FAE4C12A-980E-4405-A3BF-D83662B3B885}.Debug|Any CPU.Build.0 = Debug|Any CPU
		{FAE4C12A-980E-4405-A3BF-D83662B3B885}.Release|Any CPU.ActiveCfg = Release|Any CPU
		{FAE4C12A-980E-4405-A3BF-D83662B3B885}.Release|Any CPU.Build.0 = Release|Any CPU
		{4A4904C0-2703-45C1-AC7D-28779D1DBF69}.Debug|Any CPU.ActiveCfg = Debug|Any CPU
		{4A4904C0-2703-45C1-AC7D-28779D1DBF69}.Debug|Any CPU.Build.0 = Debug|Any CPU
		{4A4904C0-2703-45C1-AC7D-28779D1DBF69}.Release|Any CPU.ActiveCfg = Release|Any CPU
		{4A4904C0-2703-45C1-AC7D-28779D1DBF69}.Release|Any CPU.Build.0 = Release|Any CPU
	EndGlobalSection
	GlobalSection(SolutionProperties) = preSolution
		HideSolutionNode = FALSE
	EndGlobalSection
EndGlobal
